
Microsoft Visual Studio Solution File, Format Version 12.00
# Visual Studio Version 17
VisualStudioVersion = 17.4.33205.214
MinimumVisualStudioVersion = 10.0.40219.1
Project("{9A19103F-16F7-4668-BE54-9A1E7A4F7556}") = "RedisDemo", "RedisDemo\RedisDemo.csproj", "{75BC5D0A-F94E-4180-B11B-BED374CFBEE5}"
EndProject
Global
	GlobalSection(SolutionConfigurationPlatforms) = preSolution
		Debug|Any CPU = Debug|Any CPU
		Release|Any CPU = Release|Any CPU
	EndGlobalSection
	GlobalSection(ProjectConfigurationPlatforms) = postSolution
		{75BC5D0A-F94E-4180-B11B-BED374CFBEE5}.Debug|Any CPU.ActiveCfg = Debug|Any CPU
		{75BC5D0A-F94E-4180-B11B-BED374CFBEE5}.Debug|Any CPU.Build.0 = Debug|Any CPU
		{75BC5D0A-F94E-4180-B11B-BED374CFBEE5}.Release|Any CPU.ActiveCfg = Release|Any CPU
		{75BC5D0A-F94E-4180-B11B-BED374CFBEE5}.Release|Any CPU.Build.0 = Release|Any CPU
	EndGlobalSection
	GlobalSection(SolutionProperties) = preSolution
		HideSolutionNode = FALSE
	EndGlobalSection
	GlobalSection(ExtensibilityGlobals) = postSolution
		SolutionGuid = {35715EB5-08CE-4CDB-B571-FFCCC542FA92}
	EndGlobalSection
EndGlobal
